
Microsoft Visual Studio Solution File, Format Version 12.00
# Visual Studio Version 17
VisualStudioVersion = 17.11.35219.272
MinimumVisualStudioVersion = 10.0.40219.1
Project("{9A19103F-16F7-4668-BE54-9A1E7A4F7556}") = "StudyFlow.Backend", "StudyFlow.Backend\StudyFlow.Backend.csproj", "{25D82350-112B-499D-86DA-7E667CA70A98}"
EndProject
Project("{54A90642-561A-4BB1-A94E-469ADEE60C69}") = "Studyflow.Frontend", "StudyFlow.Frontend\Studyflow.Frontend.esproj", "{557BC0AA-6348-4998-A924-C759DDFD81E9}"
EndProject
Project("{9A19103F-16F7-4668-BE54-9A1E7A4F7556}") = "StudyFlow.Tests", "StudyFlow.Tests\StudyFlow.Tests.csproj", "{BA29E9D3-4C58-47E1-B9AA-A646A128590F}"
EndProject
Project("{FAE04EC0-301F-11D3-BF4B-00C04F79EFBC}") = "StudyFlow.BLL", "StudyFlow.BLL\StudyFlow.BLL.csproj", "{07C191D0-6C2B-4D95-AADA-A1188E3B6FC3}"
EndProject
Project("{FAE04EC0-301F-11D3-BF4B-00C04F79EFBC}") = "StudyFlow.DAL", "StudyFlow.DAL\StudyFlow.DAL.csproj", "{1300D16B-AE45-4182-A20F-26533720A846}"
EndProject
Project("{9A19103F-16F7-4668-BE54-9A1E7A4F7556}") = "StudyFlow.Shared", "StudyFlow.Shared\StudyFlow.Shared.csproj", "{FDC4372E-3F52-41D9-AAF2-2BC200EC5E88}"
EndProject
Project("{2150E333-8FDC-42A3-9474-1A3956D46DE8}") = "Presentation", "Presentation", "{37BAEE9D-E646-4B6D-8FFF-2CFC6FE66CA4}"
EndProject
Project("{2150E333-8FDC-42A3-9474-1A3956D46DE8}") = "Application", "Application", "{598FD639-36AB-4184-8C82-47FFAB03A5AC}"
EndProject
Project("{2150E333-8FDC-42A3-9474-1A3956D46DE8}") = "Persistance", "Persistance", "{E982DB6D-EC11-40EE-AE23-D6EF27447CF9}"
EndProject
Project("{2150E333-8FDC-42A3-9474-1A3956D46DE8}") = "Infrastructure", "Infrastructure", "{5E8F9005-4079-44E6-A632-C2A15B0D0662}"
EndProject
Project("{9A19103F-16F7-4668-BE54-9A1E7A4F7556}") = "StudyFlow.Infrastructure", "StudyFlow.Infrastructure\StudyFlow.Infrastructure.csproj", "{48E8E3AE-2405-4597-9D3B-3AF8E8A82F07}"
EndProject
Project("{2150E333-8FDC-42A3-9474-1A3956D46DE8}") = "Test", "Test", "{EC250B67-09C4-43F0-B8EB-D731C3C658CF}"
EndProject
Global
	GlobalSection(SolutionConfigurationPlatforms) = preSolution
		Debug|Any CPU = Debug|Any CPU
		Release|Any CPU = Release|Any CPU
	EndGlobalSection
	GlobalSection(ProjectConfigurationPlatforms) = postSolution
		{25D82350-112B-499D-86DA-7E667CA70A98}.Debug|Any CPU.ActiveCfg = Debug|Any CPU
		{25D82350-112B-499D-86DA-7E667CA70A98}.Debug|Any CPU.Build.0 = Debug|Any CPU
		{25D82350-112B-499D-86DA-7E667CA70A98}.Release|Any CPU.ActiveCfg = Release|Any CPU
		{25D82350-112B-499D-86DA-7E667CA70A98}.Release|Any CPU.Build.0 = Release|Any CPU
		{557BC0AA-6348-4998-A924-C759DDFD81E9}.Debug|Any CPU.ActiveCfg = Debug|Any CPU
		{557BC0AA-6348-4998-A924-C759DDFD81E9}.Debug|Any CPU.Build.0 = Debug|Any CPU
		{557BC0AA-6348-4998-A924-C759DDFD81E9}.Debug|Any CPU.Deploy.0 = Debug|Any CPU
		{557BC0AA-6348-4998-A924-C759DDFD81E9}.Release|Any CPU.ActiveCfg = Release|Any CPU
		{557BC0AA-6348-4998-A924-C759DDFD81E9}.Release|Any CPU.Build.0 = Release|Any CPU
		{557BC0AA-6348-4998-A924-C759DDFD81E9}.Release|Any CPU.Deploy.0 = Release|Any CPU
		{BA29E9D3-4C58-47E1-B9AA-A646A128590F}.Debug|Any CPU.ActiveCfg = Debug|Any CPU
		{BA29E9D3-4C58-47E1-B9AA-A646A128590F}.Debug|Any CPU.Build.0 = Debug|Any CPU
		{BA29E9D3-4C58-47E1-B9AA-A646A128590F}.Release|Any CPU.ActiveCfg = Release|Any CPU
		{BA29E9D3-4C58-47E1-B9AA-A646A128590F}.Release|Any CPU.Build.0 = Release|Any CPU
		{07C191D0-6C2B-4D95-AADA-A1188E3B6FC3}.Debug|Any CPU.ActiveCfg = Debug|Any CPU
		{07C191D0-6C2B-4D95-AADA-A1188E3B6FC3}.Debug|Any CPU.Build.0 = Debug|Any CPU
		{07C191D0-6C2B-4D95-AADA-A1188E3B6FC3}.Release|Any CPU.ActiveCfg = Release|Any CPU
		{07C191D0-6C2B-4D95-AADA-A1188E3B6FC3}.Release|Any CPU.Build.0 = Release|Any CPU
		{1300D16B-AE45-4182-A20F-26533720A846}.Debug|Any CPU.ActiveCfg = Debug|Any CPU
		{1300D16B-AE45-4182-A20F-26533720A846}.Debug|Any CPU.Build.0 = Debug|Any CPU
		{1300D16B-AE45-4182-A20F-26533720A846}.Release|Any CPU.ActiveCfg = Release|Any CPU
		{1300D16B-AE45-4182-A20F-26533720A846}.Release|Any CPU.Build.0 = Release|Any CPU
		{FDC4372E-3F52-41D9-AAF2-2BC200EC5E88}.Debug|Any CPU.ActiveCfg = Debug|Any CPU
		{FDC4372E-3F52-41D9-AAF2-2BC200EC5E88}.Debug|Any CPU.Build.0 = Debug|Any CPU
		{FDC4372E-3F52-41D9-AAF2-2BC200EC5E88}.Release|Any CPU.ActiveCfg = Release|Any CPU
		{FDC4372E-3F52-41D9-AAF2-2BC200EC5E88}.Release|Any CPU.Build.0 = Release|Any CPU
		{48E8E3AE-2405-4597-9D3B-3AF8E8A82F07}.Debug|Any CPU.ActiveCfg = Debug|Any CPU
		{48E8E3AE-2405-4597-9D3B-3AF8E8A82F07}.Debug|Any CPU.Build.0 = Debug|Any CPU
		{48E8E3AE-2405-4597-9D3B-3AF8E8A82F07}.Release|Any CPU.ActiveCfg = Release|Any CPU
		{48E8E3AE-2405-4597-9D3B-3AF8E8A82F07}.Release|Any CPU.Build.0 = Release|Any CPU
	EndGlobalSection
	GlobalSection(SolutionProperties) = preSolution
		HideSolutionNode = FALSE
	EndGlobalSection
	GlobalSection(NestedProjects) = preSolution
		{25D82350-112B-499D-86DA-7E667CA70A98} = {37BAEE9D-E646-4B6D-8FFF-2CFC6FE66CA4}
		{BA29E9D3-4C58-47E1-B9AA-A646A128590F} = {EC250B67-09C4-43F0-B8EB-D731C3C658CF}
		{07C191D0-6C2B-4D95-AADA-A1188E3B6FC3} = {598FD639-36AB-4184-8C82-47FFAB03A5AC}
		{1300D16B-AE45-4182-A20F-26533720A846} = {E982DB6D-EC11-40EE-AE23-D6EF27447CF9}
		{FDC4372E-3F52-41D9-AAF2-2BC200EC5E88} = {598FD639-36AB-4184-8C82-47FFAB03A5AC}
		{48E8E3AE-2405-4597-9D3B-3AF8E8A82F07} = {5E8F9005-4079-44E6-A632-C2A15B0D0662}
	EndGlobalSection
	GlobalSection(ExtensibilityGlobals) = postSolution
		SolutionGuid = {7A9370A6-3B40-4066-A683-18F956BA4516}
	EndGlobalSection
EndGlobal
